
Microsoft Visual Studio Solution File, Format Version 12.00
# Visual Studio Version 16
VisualStudioVersion = 16.0.30309.148
MinimumVisualStudioVersion = 10.0.40219.1
Project("{9A19103F-16F7-4668-BE54-9A1E7A4F7556}") = "SmppSimCatcher", "SmppSimCatcher\SmppSimCatcher.csproj", "{1401EB20-ED8A-4DDD-8F0D-840496D175EA}"
EndProject
Global
	GlobalSection(SolutionConfigurationPlatforms) = preSolution
		Debug|Any CPU = Debug|Any CPU
		Release|Any CPU = Release|Any CPU
	EndGlobalSection
	GlobalSection(ProjectConfigurationPlatforms) = postSolution
		{1401EB20-ED8A-4DDD-8F0D-840496D175EA}.Debug|Any CPU.ActiveCfg = Debug|Any CPU
		{1401EB20-ED8A-4DDD-8F0D-840496D175EA}.Debug|Any CPU.Build.0 = Debug|Any CPU
		{1401EB20-ED8A-4DDD-8F0D-840496D175EA}.Release|Any CPU.ActiveCfg = Release|Any CPU
		{1401EB20-ED8A-4DDD-8F0D-840496D175EA}.Release|Any CPU.Build.0 = Release|Any CPU
	EndGlobalSection
	GlobalSection(SolutionProperties) = preSolution
		HideSolutionNode = FALSE
	EndGlobalSection
	GlobalSection(ExtensibilityGlobals) = postSolution
		SolutionGuid = {56FF442B-D6FF-401D-8BB5-804442462588}
	EndGlobalSection
EndGlobal
